
Microsoft Visual Studio Solution File, Format Version 12.00
# Visual Studio Version 16
VisualStudioVersion = 16.0.30523.141
MinimumVisualStudioVersion = 10.0.40219.1
Project("{FAE04EC0-301F-11D3-BF4B-00C04F79EFBC}") = "Persistence", "Persistence\Persistence.csproj", "{A1652687-55DB-4307-ADCA-BBFA21B06BEB}"
	ProjectSection(ProjectDependencies) = postProject
		{FB1F32D1-4B6D-4DF9-B9F6-416CCF626664} = {FB1F32D1-4B6D-4DF9-B9F6-416CCF626664}
	EndProjectSection
EndProject
Project("{FAE04EC0-301F-11D3-BF4B-00C04F79EFBC}") = "Domain", "Domain\Domain.csproj", "{FB1F32D1-4B6D-4DF9-B9F6-416CCF626664}"
EndProject
Project("{FAE04EC0-301F-11D3-BF4B-00C04F79EFBC}") = "Application", "Application\Application.csproj", "{DEAF9C96-CBCB-4709-961E-A6B965400629}"
	ProjectSection(ProjectDependencies) = postProject
		{A1652687-55DB-4307-ADCA-BBFA21B06BEB} = {A1652687-55DB-4307-ADCA-BBFA21B06BEB}
		{FB1F32D1-4B6D-4DF9-B9F6-416CCF626664} = {FB1F32D1-4B6D-4DF9-B9F6-416CCF626664}
	EndProjectSection
EndProject
Project("{FAE04EC0-301F-11D3-BF4B-00C04F79EFBC}") = "API", "API\API.csproj", "{68511BB2-53B5-43F3-8AEF-05FC6EB736AB}"
	ProjectSection(ProjectDependencies) = postProject
		{A1652687-55DB-4307-ADCA-BBFA21B06BEB} = {A1652687-55DB-4307-ADCA-BBFA21B06BEB}
	EndProjectSection
EndProject
Global
	GlobalSection(SolutionConfigurationPlatforms) = preSolution
		Debug|Any CPU = Debug|Any CPU
		Release|Any CPU = Release|Any CPU
	EndGlobalSection
	GlobalSection(ProjectConfigurationPlatforms) = postSolution
		{A1652687-55DB-4307-ADCA-BBFA21B06BEB}.Debug|Any CPU.ActiveCfg = Debug|Any CPU
		{A1652687-55DB-4307-ADCA-BBFA21B06BEB}.Debug|Any CPU.Build.0 = Debug|Any CPU
		{A1652687-55DB-4307-ADCA-BBFA21B06BEB}.Release|Any CPU.ActiveCfg = Release|Any CPU
		{A1652687-55DB-4307-ADCA-BBFA21B06BEB}.Release|Any CPU.Build.0 = Release|Any CPU
		{FB1F32D1-4B6D-4DF9-B9F6-416CCF626664}.Debug|Any CPU.ActiveCfg = Debug|Any CPU
		{FB1F32D1-4B6D-4DF9-B9F6-416CCF626664}.Debug|Any CPU.Build.0 = Debug|Any CPU
		{FB1F32D1-4B6D-4DF9-B9F6-416CCF626664}.Release|Any CPU.ActiveCfg = Release|Any CPU
		{FB1F32D1-4B6D-4DF9-B9F6-416CCF626664}.Release|Any CPU.Build.0 = Release|Any CPU
		{DEAF9C96-CBCB-4709-961E-A6B965400629}.Debug|Any CPU.ActiveCfg = Debug|Any CPU
		{DEAF9C96-CBCB-4709-961E-A6B965400629}.Debug|Any CPU.Build.0 = Debug|Any CPU
		{DEAF9C96-CBCB-4709-961E-A6B965400629}.Release|Any CPU.ActiveCfg = Release|Any CPU
		{DEAF9C96-CBCB-4709-961E-A6B965400629}.Release|Any CPU.Build.0 = Release|Any CPU
		{68511BB2-53B5-43F3-8AEF-05FC6EB736AB}.Debug|Any CPU.ActiveCfg = Debug|Any CPU
		{68511BB2-53B5-43F3-8AEF-05FC6EB736AB}.Debug|Any CPU.Build.0 = Debug|Any CPU
		{68511BB2-53B5-43F3-8AEF-05FC6EB736AB}.Release|Any CPU.ActiveCfg = Release|Any CPU
		{68511BB2-53B5-43F3-8AEF-05FC6EB736AB}.Release|Any CPU.Build.0 = Release|Any CPU
	EndGlobalSection
	GlobalSection(SolutionProperties) = preSolution
		HideSolutionNode = FALSE
	EndGlobalSection
	GlobalSection(ExtensibilityGlobals) = postSolution
		SolutionGuid = {C6410422-B312-4493-83D7-E0D66D9AEFBA}
	EndGlobalSection
EndGlobal
